
Microsoft Visual Studio Solution File, Format Version 12.00
# Visual Studio Version 17
VisualStudioVersion = 17.0.31903.59
MinimumVisualStudioVersion = 10.0.40219.1
Project("{FAE04EC0-301F-11D3-BF4B-00C04F79EFBC}") = "Core", "Core.csproj", "{17618D82-E078-4374-B3C4-26381EDE35BA}"
EndProject
Global
	GlobalSection(SolutionConfigurationPlatforms) = preSolution
		Debug|Any CPU = Debug|Any CPU
		Release|Any CPU = Release|Any CPU
	EndGlobalSection
	GlobalSection(ProjectConfigurationPlatforms) = postSolution
		{17618D82-E078-4374-B3C4-26381EDE35BA}.Debug|Any CPU.ActiveCfg = Debug|Any CPU
		{17618D82-E078-4374-B3C4-26381EDE35BA}.Debug|Any CPU.Build.0 = Debug|Any CPU
		{17618D82-E078-4374-B3C4-26381EDE35BA}.Release|Any CPU.ActiveCfg = Release|Any CPU
		{17618D82-E078-4374-B3C4-26381EDE35BA}.Release|Any CPU.Build.0 = Release|Any CPU
	EndGlobalSection
	GlobalSection(SolutionProperties) = preSolution
		HideSolutionNode = FALSE
	EndGlobalSection
	GlobalSection(ExtensibilityGlobals) = postSolution
		SolutionGuid = {E1DEF93B-865D-4981-9880-E0D00267026D}
	EndGlobalSection
EndGlobal
